Microsoft Visual Studio Solution File, Format Version 12.00
# Visual Studio 2012
Project("{FAE04EC0-301F-11D3-BF4B-00C04F79EFBC}") = "SamuraiJam", "SamuraiJam.csproj", "{96023DE5-D5A9-46C7-9668-7EA1C8806F03}"
EndProject
Global
	GlobalSection(SolutionConfigurationPlatforms) = preSolution
	Debug|Any CPU = Debug|Any CPU
	ExportDebug|Any CPU = ExportDebug|Any CPU
	ExportRelease|Any CPU = ExportRelease|Any CPU
	EndGlobalSection
	GlobalSection(ProjectConfigurationPlatforms) = postSolution
		{96023DE5-D5A9-46C7-9668-7EA1C8806F03}.Debug|Any CPU.ActiveCfg = Debug|Any CPU
		{96023DE5-D5A9-46C7-9668-7EA1C8806F03}.Debug|Any CPU.Build.0 = Debug|Any CPU
		{96023DE5-D5A9-46C7-9668-7EA1C8806F03}.ExportDebug|Any CPU.ActiveCfg = ExportDebug|Any CPU
		{96023DE5-D5A9-46C7-9668-7EA1C8806F03}.ExportDebug|Any CPU.Build.0 = ExportDebug|Any CPU
		{96023DE5-D5A9-46C7-9668-7EA1C8806F03}.ExportRelease|Any CPU.ActiveCfg = ExportRelease|Any CPU
		{96023DE5-D5A9-46C7-9668-7EA1C8806F03}.ExportRelease|Any CPU.Build.0 = ExportRelease|Any CPU
	EndGlobalSection
EndGlobal
